
Microsoft Visual Studio Solution File, Format Version 12.00
# Visual Studio 15
VisualStudioVersion = 15.0.27004.2005
MinimumVisualStudioVersion = 10.0.40219.1
Project("{888888A0-9F3D-457C-B088-3A5042F75D52}") = "Module4StoringNumbers", "Module4StoringNumbers\Module4StoringNumbers.pyproj", "{9036C228-151E-4984-8097-6321C90D4BC7}"
EndProject
Global
	GlobalSection(SolutionConfigurationPlatforms) = preSolution
		Debug|Any CPU = Debug|Any CPU
		Release|Any CPU = Release|Any CPU
	EndGlobalSection
	GlobalSection(ProjectConfigurationPlatforms) = postSolution
		{9036C228-151E-4984-8097-6321C90D4BC7}.Debug|Any CPU.ActiveCfg = Debug|Any CPU
		{9036C228-151E-4984-8097-6321C90D4BC7}.Release|Any CPU.ActiveCfg = Release|Any CPU
	EndGlobalSection
	GlobalSection(SolutionProperties) = preSolution
		HideSolutionNode = FALSE
	EndGlobalSection
	GlobalSection(ExtensibilityGlobals) = postSolution
		SolutionGuid = {AFEE54A9-68AC-4468-BAFB-7273879CA29F}
	EndGlobalSection
EndGlobal
