
Microsoft Visual Studio Solution File, Format Version 12.00
# Visual Studio 15
VisualStudioVersion = 15.0.27004.2002
MinimumVisualStudioVersion = 10.0.40219.1
Project("{888888A0-9F3D-457C-B088-3A5042F75D52}") = "Module2DisplayingText", "Module2DisplayingText\Module2DisplayingText.pyproj", "{85D16D49-162E-4FEF-9A87-5CA6AD4BCC28}"
EndProject
Global
	GlobalSection(SolutionConfigurationPlatforms) = preSolution
		Debug|Any CPU = Debug|Any CPU
		Release|Any CPU = Release|Any CPU
	EndGlobalSection
	GlobalSection(ProjectConfigurationPlatforms) = postSolution
		{85D16D49-162E-4FEF-9A87-5CA6AD4BCC28}.Debug|Any CPU.ActiveCfg = Debug|Any CPU
		{85D16D49-162E-4FEF-9A87-5CA6AD4BCC28}.Release|Any CPU.ActiveCfg = Release|Any CPU
	EndGlobalSection
	GlobalSection(SolutionProperties) = preSolution
		HideSolutionNode = FALSE
	EndGlobalSection
	GlobalSection(ExtensibilityGlobals) = postSolution
		SolutionGuid = {03BB4E71-1271-41C7-937E-080A4E8D53CD}
	EndGlobalSection
EndGlobal
