
Microsoft Visual Studio Solution File, Format Version 12.00
# Visual Studio 15
VisualStudioVersion = 15.0.27004.2009
MinimumVisualStudioVersion = 10.0.40219.1
Project("{888888A0-9F3D-457C-B088-3A5042F75D52}") = "Module9", "Module9\Module9.pyproj", "{29B310B2-EC37-4931-B45A-A839EFFC0099}"
EndProject
Global
	GlobalSection(SolutionConfigurationPlatforms) = preSolution
		Debug|Any CPU = Debug|Any CPU
		Release|Any CPU = Release|Any CPU
	EndGlobalSection
	GlobalSection(ProjectConfigurationPlatforms) = postSolution
		{29B310B2-EC37-4931-B45A-A839EFFC0099}.Debug|Any CPU.ActiveCfg = Debug|Any CPU
		{29B310B2-EC37-4931-B45A-A839EFFC0099}.Release|Any CPU.ActiveCfg = Release|Any CPU
	EndGlobalSection
	GlobalSection(SolutionProperties) = preSolution
		HideSolutionNode = FALSE
	EndGlobalSection
	GlobalSection(ExtensibilityGlobals) = postSolution
		SolutionGuid = {43A4340B-32D9-4727-ABCD-91EE8B86E621}
	EndGlobalSection
EndGlobal
