
Microsoft Visual Studio Solution File, Format Version 12.00
# Visual Studio 15
VisualStudioVersion = 15.0.27004.2005
MinimumVisualStudioVersion = 10.0.40219.1
Project("{888888A0-9F3D-457C-B088-3A5042F75D52}") = "Module5", "Module5\Module5.pyproj", "{22C52061-F97F-489F-AB44-702E0D8BCEA6}"
EndProject
Global
	GlobalSection(SolutionConfigurationPlatforms) = preSolution
		Debug|Any CPU = Debug|Any CPU
		Release|Any CPU = Release|Any CPU
	EndGlobalSection
	GlobalSection(ProjectConfigurationPlatforms) = postSolution
		{22C52061-F97F-489F-AB44-702E0D8BCEA6}.Debug|Any CPU.ActiveCfg = Debug|Any CPU
		{22C52061-F97F-489F-AB44-702E0D8BCEA6}.Release|Any CPU.ActiveCfg = Release|Any CPU
	EndGlobalSection
	GlobalSection(SolutionProperties) = preSolution
		HideSolutionNode = FALSE
	EndGlobalSection
	GlobalSection(ExtensibilityGlobals) = postSolution
		SolutionGuid = {AE75762D-976C-474A-9017-1A1ED83D73C9}
	EndGlobalSection
EndGlobal
