
Microsoft Visual Studio Solution File, Format Version 12.00
# Visual Studio 15
VisualStudioVersion = 15.0.27004.2009
MinimumVisualStudioVersion = 10.0.40219.1
Project("{888888A0-9F3D-457C-B088-3A5042F75D52}") = "PythonGuiTest.py", "PythonGuiTest.py\PythonGuiTest.py.pyproj", "{FE3B0090-081F-40EA-AC97-5405526DC33D}"
EndProject
Global
	GlobalSection(SolutionConfigurationPlatforms) = preSolution
		Debug|Any CPU = Debug|Any CPU
		Release|Any CPU = Release|Any CPU
	EndGlobalSection
	GlobalSection(ProjectConfigurationPlatforms) = postSolution
		{FE3B0090-081F-40EA-AC97-5405526DC33D}.Debug|Any CPU.ActiveCfg = Debug|Any CPU
		{FE3B0090-081F-40EA-AC97-5405526DC33D}.Release|Any CPU.ActiveCfg = Release|Any CPU
	EndGlobalSection
	GlobalSection(SolutionProperties) = preSolution
		HideSolutionNode = FALSE
	EndGlobalSection
	GlobalSection(ExtensibilityGlobals) = postSolution
		SolutionGuid = {A92977DC-19FA-44A1-8E29-BD19A5EDA8B2}
	EndGlobalSection
EndGlobal
